{
  "name": "material-elix",
  "version": "1.0.0",
  "lockfileVersion": 1,
  "requires": true,
  "dependencies": {
    "elix": {
      "version": "12.1.4",
      "resolved": "https://registry.npmjs.org/elix/-/elix-12.1.4.tgz",
      "integrity": "sha512-xotZZQZB0cJTDTwHxyqKmf5GxVk2SFenaDZatWMhQnq7c/fQWVpYjb9dOrpOS6pc3MM5bG14jCmlxgUoHvVD2Q=="
    }
  }
}
